
Microsoft Visual Studio Solution File, Format Version 12.00
# Visual Studio Version 16
VisualStudioVersion = 16.0.32407.337
MinimumVisualStudioVersion = 10.0.40219.1
Project("{FAE04EC0-301F-11D3-BF4B-00C04F79EFBC}") = "SecuredApplication", "SecuredApplication\SecuredApplication.csproj", "{CA8C1AE8-6503-4086-BDE5-E4AF0C88AED6}"
EndProject
Global
	GlobalSection(SolutionConfigurationPlatforms) = preSolution
		Debug|Any CPU = Debug|Any CPU
		Release|Any CPU = Release|Any CPU
	EndGlobalSection
	GlobalSection(ProjectConfigurationPlatforms) = postSolution
		{CA8C1AE8-6503-4086-BDE5-E4AF0C88AED6}.Debug|Any CPU.ActiveCfg = Debug|Any CPU
		{CA8C1AE8-6503-4086-BDE5-E4AF0C88AED6}.Debug|Any CPU.Build.0 = Debug|Any CPU
		{CA8C1AE8-6503-4086-BDE5-E4AF0C88AED6}.Release|Any CPU.ActiveCfg = Release|Any CPU
		{CA8C1AE8-6503-4086-BDE5-E4AF0C88AED6}.Release|Any CPU.Build.0 = Release|Any CPU
	EndGlobalSection
	GlobalSection(SolutionProperties) = preSolution
		HideSolutionNode = FALSE
	EndGlobalSection
	GlobalSection(ExtensibilityGlobals) = postSolution
		SolutionGuid = {66500BC8-152D-456D-8C41-52688721C677}
	EndGlobalSection
EndGlobal
